
Microsoft Visual Studio Solution File, Format Version 12.00
# Visual Studio 15
VisualStudioVersion = 15.0.27004.2009
MinimumVisualStudioVersion = 10.0.40219.1
Project("{FAE04EC0-301F-11D3-BF4B-00C04F79EFBC}") = "2", "1\2.csproj", "{DD7EC332-8E2D-492F-8F08-8A2DC933654E}"
EndProject
Project("{FAE04EC0-301F-11D3-BF4B-00C04F79EFBC}") = "Lib1", "Lib1\Lib1.csproj", "{3FA4BC51-4EEB-4DE6-8A3D-FED3EB36A81F}"
EndProject
Project("{2150E333-8FDC-42A3-9474-1A3956D46DE8}") = "Solution Items", "Solution Items", "{CD59FBA8-BDE2-4658-ACD8-84ECFFCBE7D5}"
	ProjectSection(SolutionItems) = preProject
		XMLFile1.xml = XMLFile1.xml
	EndProjectSection
EndProject
Project("{FAE04EC0-301F-11D3-BF4B-00C04F79EFBC}") = "Lib2", "Lib2\Lib2.csproj", "{4FE0103E-9C09-46B8-AAE6-3144201E6FDF}"
EndProject
Global
	GlobalSection(SolutionConfigurationPlatforms) = preSolution
		Debug|Any CPU = Debug|Any CPU
		Release|Any CPU = Release|Any CPU
	EndGlobalSection
	GlobalSection(ProjectConfigurationPlatforms) = postSolution
		{DD7EC332-8E2D-492F-8F08-8A2DC933654E}.Debug|Any CPU.ActiveCfg = Debug|Any CPU
		{DD7EC332-8E2D-492F-8F08-8A2DC933654E}.Debug|Any CPU.Build.0 = Debug|Any CPU
		{DD7EC332-8E2D-492F-8F08-8A2DC933654E}.Release|Any CPU.ActiveCfg = Release|Any CPU
		{DD7EC332-8E2D-492F-8F08-8A2DC933654E}.Release|Any CPU.Build.0 = Release|Any CPU
		{3FA4BC51-4EEB-4DE6-8A3D-FED3EB36A81F}.Debug|Any CPU.ActiveCfg = Debug|Any CPU
		{3FA4BC51-4EEB-4DE6-8A3D-FED3EB36A81F}.Debug|Any CPU.Build.0 = Debug|Any CPU
		{3FA4BC51-4EEB-4DE6-8A3D-FED3EB36A81F}.Release|Any CPU.ActiveCfg = Release|Any CPU
		{3FA4BC51-4EEB-4DE6-8A3D-FED3EB36A81F}.Release|Any CPU.Build.0 = Release|Any CPU
		{4FE0103E-9C09-46B8-AAE6-3144201E6FDF}.Debug|Any CPU.ActiveCfg = Debug|Any CPU
		{4FE0103E-9C09-46B8-AAE6-3144201E6FDF}.Debug|Any CPU.Build.0 = Debug|Any CPU
		{4FE0103E-9C09-46B8-AAE6-3144201E6FDF}.Release|Any CPU.ActiveCfg = Release|Any CPU
		{4FE0103E-9C09-46B8-AAE6-3144201E6FDF}.Release|Any CPU.Build.0 = Release|Any CPU
	EndGlobalSection
	GlobalSection(SolutionProperties) = preSolution
		HideSolutionNode = FALSE
	EndGlobalSection
	GlobalSection(ExtensibilityGlobals) = postSolution
		SolutionGuid = {F6C38977-4750-4F7E-984C-5F9724C68FEF}
	EndGlobalSection
EndGlobal
